
Microsoft Visual Studio Solution File, Format Version 12.00
# Visual Studio Version 17
VisualStudioVersion = 17.11.35327.3
MinimumVisualStudioVersion = 10.0.40219.1
Project("{FAE04EC0-301F-11D3-BF4B-00C04F79EFBC}") = "nanoCADCommandsReflection", "nanoCADCommandsReflection\nanoCADCommandsReflection.csproj", "{31F1AE0A-D4A7-4504-926F-9365550751F1}"
EndProject
Global
	GlobalSection(SolutionConfigurationPlatforms) = preSolution
		Debug|Any CPU = Debug|Any CPU
		Release|Any CPU = Release|Any CPU
	EndGlobalSection
	GlobalSection(ProjectConfigurationPlatforms) = postSolution
		{31F1AE0A-D4A7-4504-926F-9365550751F1}.Debug|Any CPU.ActiveCfg = Debug|Any CPU
		{31F1AE0A-D4A7-4504-926F-9365550751F1}.Debug|Any CPU.Build.0 = Debug|Any CPU
		{31F1AE0A-D4A7-4504-926F-9365550751F1}.Release|Any CPU.ActiveCfg = Release|Any CPU
		{31F1AE0A-D4A7-4504-926F-9365550751F1}.Release|Any CPU.Build.0 = Release|Any CPU
	EndGlobalSection
	GlobalSection(SolutionProperties) = preSolution
		HideSolutionNode = FALSE
	EndGlobalSection
	GlobalSection(ExtensibilityGlobals) = postSolution
		SolutionGuid = {78FDA626-FD2E-4796-A661-4ED3535E4B50}
	EndGlobalSection
EndGlobal
